
Microsoft Visual Studio Solution File, Format Version 12.00
# Visual Studio Version 17
VisualStudioVersion = 17.1.32228.430
MinimumVisualStudioVersion = 10.0.40219.1
Project("{8BC9CEB8-8B4A-11D0-8D11-00A0C91BC942}") = "hello_texture", "hello_texture\hello_texture.vcxproj", "{28C88AE7-896E-45D0-A606-4F34B964535E}"
EndProject
Global
	GlobalSection(SolutionConfigurationPlatforms) = preSolution
		Debug|x64 = Debug|x64
		Debug|x86 = Debug|x86
		Release|x64 = Release|x64
		Release|x86 = Release|x86
	EndGlobalSection
	GlobalSection(ProjectConfigurationPlatforms) = postSolution
		{28C88AE7-896E-45D0-A606-4F34B964535E}.Debug|x64.ActiveCfg = Debug|x64
		{28C88AE7-896E-45D0-A606-4F34B964535E}.Debug|x64.Build.0 = Debug|x64
		{28C88AE7-896E-45D0-A606-4F34B964535E}.Debug|x86.ActiveCfg = Debug|Win32
		{28C88AE7-896E-45D0-A606-4F34B964535E}.Debug|x86.Build.0 = Debug|Win32
		{28C88AE7-896E-45D0-A606-4F34B964535E}.Release|x64.ActiveCfg = Release|x64
		{28C88AE7-896E-45D0-A606-4F34B964535E}.Release|x64.Build.0 = Release|x64
		{28C88AE7-896E-45D0-A606-4F34B964535E}.Release|x86.ActiveCfg = Release|Win32
		{28C88AE7-896E-45D0-A606-4F34B964535E}.Release|x86.Build.0 = Release|Win32
	EndGlobalSection
	GlobalSection(SolutionProperties) = preSolution
		HideSolutionNode = FALSE
	EndGlobalSection
	GlobalSection(ExtensibilityGlobals) = postSolution
		SolutionGuid = {3AC9A824-4173-4ABC-9992-1A6E0E11D3D9}
	EndGlobalSection
EndGlobal
